
Microsoft Visual Studio Solution File, Format Version 12.00
# Visual Studio Version 16
VisualStudioVersion = 16.0.31105.61
MinimumVisualStudioVersion = 10.0.40219.1
Project("{FAE04EC0-301F-11D3-BF4B-00C04F79EFBC}") = "CurrencyConverter", "CurrencyConverter.csproj", "{AB59B8C2-771C-4C9D-A442-7D1863FE8F00}"
EndProject
Global
	GlobalSection(SolutionConfigurationPlatforms) = preSolution
		Debug|Any CPU = Debug|Any CPU
		Release|Any CPU = Release|Any CPU
	EndGlobalSection
	GlobalSection(ProjectConfigurationPlatforms) = postSolution
		{AB59B8C2-771C-4C9D-A442-7D1863FE8F00}.Debug|Any CPU.ActiveCfg = Debug|Any CPU
		{AB59B8C2-771C-4C9D-A442-7D1863FE8F00}.Debug|Any CPU.Build.0 = Debug|Any CPU
		{AB59B8C2-771C-4C9D-A442-7D1863FE8F00}.Release|Any CPU.ActiveCfg = Release|Any CPU
		{AB59B8C2-771C-4C9D-A442-7D1863FE8F00}.Release|Any CPU.Build.0 = Release|Any CPU
	EndGlobalSection
	GlobalSection(SolutionProperties) = preSolution
		HideSolutionNode = FALSE
	EndGlobalSection
	GlobalSection(ExtensibilityGlobals) = postSolution
		SolutionGuid = {5059687D-A5DB-4352-92A2-E61CF7B48AF9}
	EndGlobalSection
EndGlobal
