
Microsoft Visual Studio Solution File, Format Version 12.00
# Visual Studio Version 16
VisualStudioVersion = 16.0.31105.61
MinimumVisualStudioVersion = 10.0.40219.1
Project("{FAE04EC0-301F-11D3-BF4B-00C04F79EFBC}") = "LatihanMVVM", "LatihanMVVM.csproj", "{628D01B4-EDE7-4BFD-9116-5F314BAFB28C}"
EndProject
Global
	GlobalSection(SolutionConfigurationPlatforms) = preSolution
		Debug|Any CPU = Debug|Any CPU
		Release|Any CPU = Release|Any CPU
	EndGlobalSection
	GlobalSection(ProjectConfigurationPlatforms) = postSolution
		{628D01B4-EDE7-4BFD-9116-5F314BAFB28C}.Debug|Any CPU.ActiveCfg = Debug|Any CPU
		{628D01B4-EDE7-4BFD-9116-5F314BAFB28C}.Debug|Any CPU.Build.0 = Debug|Any CPU
		{628D01B4-EDE7-4BFD-9116-5F314BAFB28C}.Release|Any CPU.ActiveCfg = Release|Any CPU
		{628D01B4-EDE7-4BFD-9116-5F314BAFB28C}.Release|Any CPU.Build.0 = Release|Any CPU
	EndGlobalSection
	GlobalSection(SolutionProperties) = preSolution
		HideSolutionNode = FALSE
	EndGlobalSection
	GlobalSection(ExtensibilityGlobals) = postSolution
		SolutionGuid = {D6C44C9B-FE2F-455C-A0B1-D4A608A42BB4}
	EndGlobalSection
EndGlobal
